// !$*UTF8*$!
{
	archiveVersion = 1;
	classes = {
	};
	objectVersion = 56;
	objects = {

/* Begin PBXBuildFile section */
		0729B1E32B90FC500017DF23 /* CDUserDto+CoreDataClass.swift in Sources */ = {isa = PBXBuildFile; fileRef = 0729B1C92B90FC4F0017DF23 /* CDUserDto+CoreDataClass.swift */; };
		0729B1E42B90FC500017DF23 /* CDUserDto+CoreDataProperties.swift in Sources */ = {isa = PBXBuildFile; fileRef = 0729B1CA2B90FC4F0017DF23 /* CDUserDto+CoreDataProperties.swift */; };
		0729B1E52B90FC500017DF23 /* CDTimeDto+CoreDataClass.swift in Sources */ = {isa = PBXBuildFile; fileRef = 0729B1CB2B90FC500017DF23 /* CDTimeDto+CoreDataClass.swift */; };
		0729B1E62B90FC500017DF23 /* CDTimeDto+CoreDataProperties.swift in Sources */ = {isa = PBXBuildFile; fileRef = 0729B1CC2B90FC500017DF23 /* CDTimeDto+CoreDataProperties.swift */; };
		0729B1E72B90FC500017DF23 /* CDResponseDto+CoreDataClass.swift in Sources */ = {isa = PBXBuildFile; fileRef = 0729B1CD2B90FC500017DF23 /* CDResponseDto+CoreDataClass.swift */; };
		0729B1E82B90FC500017DF23 /* CDResponseDto+CoreDataProperties.swift in Sources */ = {isa = PBXBuildFile; fileRef = 0729B1CE2B90FC500017DF23 /* CDResponseDto+CoreDataProperties.swift */; };
		0729B1E92B90FC500017DF23 /* CDLoginDto+CoreDataClass.swift in Sources */ = {isa = PBXBuildFile; fileRef = 0729B1CF2B90FC500017DF23 /* CDLoginDto+CoreDataClass.swift */; };
		0729B1EA2B90FC500017DF23 /* CDLoginDto+CoreDataProperties.swift in Sources */ = {isa = PBXBuildFile; fileRef = 0729B1D02B90FC500017DF23 /* CDLoginDto+CoreDataProperties.swift */; };
		0729B1EC2B90FC500017DF23 /* CDLocationDto+CoreDataProperties.swift in Sources */ = {isa = PBXBuildFile; fileRef = 0729B1D22B90FC500017DF23 /* CDLocationDto+CoreDataProperties.swift */; };
		0729B1ED2B90FC500017DF23 /* CDNameDto+CoreDataClass.swift in Sources */ = {isa = PBXBuildFile; fileRef = 0729B1D32B90FC500017DF23 /* CDNameDto+CoreDataClass.swift */; };
		0729B1EE2B90FC500017DF23 /* CDNameDto+CoreDataProperties.swift in Sources */ = {isa = PBXBuildFile; fileRef = 0729B1D42B90FC500017DF23 /* CDNameDto+CoreDataProperties.swift */; };
		0729B1EF2B90FC500017DF23 /* CDIdDto+CoreDataClass.swift in Sources */ = {isa = PBXBuildFile; fileRef = 0729B1D52B90FC500017DF23 /* CDIdDto+CoreDataClass.swift */; };
		0729B1F02B90FC500017DF23 /* CDIdDto+CoreDataProperties.swift in Sources */ = {isa = PBXBuildFile; fileRef = 0729B1D62B90FC500017DF23 /* CDIdDto+CoreDataProperties.swift */; };
		0729B1F12B90FC500017DF23 /* CDCoordinatesDto+CoreDataClass.swift in Sources */ = {isa = PBXBuildFile; fileRef = 0729B1D72B90FC500017DF23 /* CDCoordinatesDto+CoreDataClass.swift */; };
		0729B1F22B90FC500017DF23 /* CDCoordinatesDto+CoreDataProperties.swift in Sources */ = {isa = PBXBuildFile; fileRef = 0729B1D82B90FC500017DF23 /* CDCoordinatesDto+CoreDataProperties.swift */; };
		0729B1F32B90FC500017DF23 /* CDDobDto+CoreDataClass.swift in Sources */ = {isa = PBXBuildFile; fileRef = 0729B1D92B90FC500017DF23 /* CDDobDto+CoreDataClass.swift */; };
		0729B1F42B90FC500017DF23 /* CDDobDto+CoreDataProperties.swift in Sources */ = {isa = PBXBuildFile; fileRef = 0729B1DA2B90FC500017DF23 /* CDDobDto+CoreDataProperties.swift */; };
		0729B1F52B90FC500017DF23 /* CDInfoDto+CoreDataClass.swift in Sources */ = {isa = PBXBuildFile; fileRef = 0729B1DB2B90FC500017DF23 /* CDInfoDto+CoreDataClass.swift */; };
		0729B1F62B90FC500017DF23 /* CDInfoDto+CoreDataProperties.swift in Sources */ = {isa = PBXBuildFile; fileRef = 0729B1DC2B90FC500017DF23 /* CDInfoDto+CoreDataProperties.swift */; };
		0729B1F72B90FC500017DF23 /* CDPictureDto+CoreDataClass.swift in Sources */ = {isa = PBXBuildFile; fileRef = 0729B1DD2B90FC500017DF23 /* CDPictureDto+CoreDataClass.swift */; };
		0729B1F82B90FC500017DF23 /* CDPictureDto+CoreDataProperties.swift in Sources */ = {isa = PBXBuildFile; fileRef = 0729B1DE2B90FC500017DF23 /* CDPictureDto+CoreDataProperties.swift */; };
		0729B1FA2B90FC500017DF23 /* CdRegisteredDto+CoreDataProperties.swift in Sources */ = {isa = PBXBuildFile; fileRef = 0729B1E02B90FC500017DF23 /* CdRegisteredDto+CoreDataProperties.swift */; };
		0729B1FB2B90FC500017DF23 /* CDStreetDto+CoreDataClass.swift in Sources */ = {isa = PBXBuildFile; fileRef = 0729B1E12B90FC500017DF23 /* CDStreetDto+CoreDataClass.swift */; };
		0729B1FC2B90FC500017DF23 /* CDStreetDto+CoreDataProperties.swift in Sources */ = {isa = PBXBuildFile; fileRef = 0729B1E22B90FC500017DF23 /* CDStreetDto+CoreDataProperties.swift */; };
		0729B1FF2B90FC960017DF23 /* CDLocationDto+CoreDataClass.swift in Sources */ = {isa = PBXBuildFile; fileRef = 0729B1FD2B90FC960017DF23 /* CDLocationDto+CoreDataClass.swift */; };
		0729B2002B90FC960017DF23 /* CdRegisteredDto+CoreDataClass.swift in Sources */ = {isa = PBXBuildFile; fileRef = 0729B1FE2B90FC960017DF23 /* CdRegisteredDto+CoreDataClass.swift */; };
		0729B2022B9104CF0017DF23 /* UsersUseCase.swift in Sources */ = {isa = PBXBuildFile; fileRef = 0729B2012B9104CF0017DF23 /* UsersUseCase.swift */; };
		0729B2042B9105F10017DF23 /* UserRepository.swift in Sources */ = {isa = PBXBuildFile; fileRef = 0729B2032B9105F10017DF23 /* UserRepository.swift */; };
		0729B2062B9108FE0017DF23 /* UserRepositoryImp.swift in Sources */ = {isa = PBXBuildFile; fileRef = 0729B2052B9108FE0017DF23 /* UserRepositoryImp.swift */; };
		0729B2092B9111C00017DF23 /* SplashViewController.swift in Sources */ = {isa = PBXBuildFile; fileRef = 0729B2072B9111C00017DF23 /* SplashViewController.swift */; };
		0729B20A2B9111C00017DF23 /* SplashViewController.xib in Resources */ = {isa = PBXBuildFile; fileRef = 0729B2082B9111C00017DF23 /* SplashViewController.xib */; };
		0729B2182B911ACA0017DF23 /* ListViewController.swift in Sources */ = {isa = PBXBuildFile; fileRef = 0729B2162B911ACA0017DF23 /* ListViewController.swift */; };
		0729B2192B911ACA0017DF23 /* ListViewController.xib in Resources */ = {isa = PBXBuildFile; fileRef = 0729B2172B911ACA0017DF23 /* ListViewController.xib */; };
		0729B21B2B915E900017DF23 /* UserListViewModel.swift in Sources */ = {isa = PBXBuildFile; fileRef = 0729B21A2B915E900017DF23 /* UserListViewModel.swift */; };
		0729B2232B9163370017DF23 /* UserTableViewCell.swift in Sources */ = {isa = PBXBuildFile; fileRef = 0729B2212B9163370017DF23 /* UserTableViewCell.swift */; };
		0729B2242B9163370017DF23 /* UserTableViewCell.xib in Resources */ = {isa = PBXBuildFile; fileRef = 0729B2222B9163370017DF23 /* UserTableViewCell.xib */; };
		0729B2262B9173310017DF23 /* UserEntityMapper.swift in Sources */ = {isa = PBXBuildFile; fileRef = 0729B2252B9173310017DF23 /* UserEntityMapper.swift */; };
		0729B2282B9185090017DF23 /* ViewFactory.swift in Sources */ = {isa = PBXBuildFile; fileRef = 0729B2272B9185090017DF23 /* ViewFactory.swift */; };
		0729B22B2B918DF90017DF23 /* UserDetailViewController.swift in Sources */ = {isa = PBXBuildFile; fileRef = 0729B2292B918DF90017DF23 /* UserDetailViewController.swift */; };
		0729B22C2B918DF90017DF23 /* UserDetailViewController.xib in Resources */ = {isa = PBXBuildFile; fileRef = 0729B22A2B918DF90017DF23 /* UserDetailViewController.xib */; };
		0729B22E2B919A980017DF23 /* UserViewModelFactory.swift in Sources */ = {isa = PBXBuildFile; fileRef = 0729B22D2B919A980017DF23 /* UserViewModelFactory.swift */; };
		0729B2322B91A68F0017DF23 /* Reachability.swift in Sources */ = {isa = PBXBuildFile; fileRef = 0729B2312B91A68F0017DF23 /* Reachability.swift */; };
		0729B2372B91AD7D0017DF23 /* NetworkManager.swift in Sources */ = {isa = PBXBuildFile; fileRef = 0729B2362B91AD7D0017DF23 /* NetworkManager.swift */; };
		079025462B8EFA5900B36704 /* UserEntity.swift in Sources */ = {isa = PBXBuildFile; fileRef = 079025452B8EFA5900B36704 /* UserEntity.swift */; };
		0790DFFC2B8F969A0050F5CD /* UserDTO.swift in Sources */ = {isa = PBXBuildFile; fileRef = 0790DFFB2B8F969A0050F5CD /* UserDTO.swift */; };
		0790DFFE2B8F9E080050F5CD /* Networking.swift in Sources */ = {isa = PBXBuildFile; fileRef = 0790DFFD2B8F9E080050F5CD /* Networking.swift */; };
		0790E0002B8FF4DD0050F5CD /* Date+Additions.swift in Sources */ = {isa = PBXBuildFile; fileRef = 0790DFFF2B8FF4DD0050F5CD /* Date+Additions.swift */; };
		0790E0022B8FF56F0050F5CD /* CDUserDataSource.swift in Sources */ = {isa = PBXBuildFile; fileRef = 0790E0012B8FF56F0050F5CD /* CDUserDataSource.swift */; };
		0790E0042B8FFA580050F5CD /* ApiUserDataSource.swift in Sources */ = {isa = PBXBuildFile; fileRef = 0790E0032B8FFA580050F5CD /* ApiUserDataSource.swift */; };
		0790E0082B8FFF010050F5CD /* MapUserToCDUserDto.swift in Sources */ = {isa = PBXBuildFile; fileRef = 0790E0072B8FFF010050F5CD /* MapUserToCDUserDto.swift */; };
		0790E00A2B90114C0050F5CD /* EnviromentParameters.swift in Sources */ = {isa = PBXBuildFile; fileRef = 0790E0092B90114C0050F5CD /* EnviromentParameters.swift */; };
		07DE79EC2B8EAEAC0088FAC4 /* AppDelegate.swift in Sources */ = {isa = PBXBuildFile; fileRef = 07DE79EB2B8EAEAC0088FAC4 /* AppDelegate.swift */; };
		07DE79EE2B8EAEAC0088FAC4 /* SceneDelegate.swift in Sources */ = {isa = PBXBuildFile; fileRef = 07DE79ED2B8EAEAC0088FAC4 /* SceneDelegate.swift */; };
		07DE79F62B8EAEAC0088FAC4 /* RandomUser.xcdatamodeld in Sources */ = {isa = PBXBuildFile; fileRef = 07DE79F42B8EAEAC0088FAC4 /* RandomUser.xcdatamodeld */; };
		07DE79F82B8EAEAF0088FAC4 /* Assets.xcassets in Resources */ = {isa = PBXBuildFile; fileRef = 07DE79F72B8EAEAF0088FAC4 /* Assets.xcassets */; };
		07DE79FB2B8EAEAF0088FAC4 /* LaunchScreen.storyboard in Resources */ = {isa = PBXBuildFile; fileRef = 07DE79F92B8EAEAF0088FAC4 /* LaunchScreen.storyboard */; };
		07DE7A342B8ED8DA0088FAC4 /* ManageCoreData.swift in Sources */ = {isa = PBXBuildFile; fileRef = 07DE7A332B8ED8DA0088FAC4 /* ManageCoreData.swift */; };
		506C5279B19EE8C60FDA0E14 /* Pods_RandomUser.framework in Frameworks */ = {isa = PBXBuildFile; fileRef = BF3BC0D5F40804E73F808F4E /* Pods_RandomUser.framework */; };
/* End PBXBuildFile section */

/* Begin PBXFileReference section */
		0729B1C92B90FC4F0017DF23 /* CDUserDto+CoreDataClass.swift */ = {isa = PBXFileReference; lastKnownFileType = sourcecode.swift; path = "CDUserDto+CoreDataClass.swift"; sourceTree = "<group>"; };
		0729B1CA2B90FC4F0017DF23 /* CDUserDto+CoreDataProperties.swift */ = {isa = PBXFileReference; lastKnownFileType = sourcecode.swift; path = "CDUserDto+CoreDataProperties.swift"; sourceTree = "<group>"; };
		0729B1CB2B90FC500017DF23 /* CDTimeDto+CoreDataClass.swift */ = {isa = PBXFileReference; lastKnownFileType = sourcecode.swift; path = "CDTimeDto+CoreDataClass.swift"; sourceTree = "<group>"; };
		0729B1CC2B90FC500017DF23 /* CDTimeDto+CoreDataProperties.swift */ = {isa = PBXFileReference; lastKnownFileType = sourcecode.swift; path = "CDTimeDto+CoreDataProperties.swift"; sourceTree = "<group>"; };
		0729B1CD2B90FC500017DF23 /* CDResponseDto+CoreDataClass.swift */ = {isa = PBXFileReference; lastKnownFileType = sourcecode.swift; path = "CDResponseDto+CoreDataClass.swift"; sourceTree = "<group>"; };
		0729B1CE2B90FC500017DF23 /* CDResponseDto+CoreDataProperties.swift */ = {isa = PBXFileReference; lastKnownFileType = sourcecode.swift; path = "CDResponseDto+CoreDataProperties.swift"; sourceTree = "<group>"; };
		0729B1CF2B90FC500017DF23 /* CDLoginDto+CoreDataClass.swift */ = {isa = PBXFileReference; lastKnownFileType = sourcecode.swift; path = "CDLoginDto+CoreDataClass.swift"; sourceTree = "<group>"; };
		0729B1D02B90FC500017DF23 /* CDLoginDto+CoreDataProperties.swift */ = {isa = PBXFileReference; lastKnownFileType = sourcecode.swift; path = "CDLoginDto+CoreDataProperties.swift"; sourceTree = "<group>"; };
		0729B1D22B90FC500017DF23 /* CDLocationDto+CoreDataProperties.swift */ = {isa = PBXFileReference; lastKnownFileType = sourcecode.swift; path = "CDLocationDto+CoreDataProperties.swift"; sourceTree = "<group>"; };
		0729B1D32B90FC500017DF23 /* CDNameDto+CoreDataClass.swift */ = {isa = PBXFileReference; lastKnownFileType = sourcecode.swift; path = "CDNameDto+CoreDataClass.swift"; sourceTree = "<group>"; };
		0729B1D42B90FC500017DF23 /* CDNameDto+CoreDataProperties.swift */ = {isa = PBXFileReference; lastKnownFileType = sourcecode.swift; path = "CDNameDto+CoreDataProperties.swift"; sourceTree = "<group>"; };
		0729B1D52B90FC500017DF23 /* CDIdDto+CoreDataClass.swift */ = {isa = PBXFileReference; lastKnownFileType = sourcecode.swift; path = "CDIdDto+CoreDataClass.swift"; sourceTree = "<group>"; };
		0729B1D62B90FC500017DF23 /* CDIdDto+CoreDataProperties.swift */ = {isa = PBXFileReference; lastKnownFileType = sourcecode.swift; path = "CDIdDto+CoreDataProperties.swift"; sourceTree = "<group>"; };
		0729B1D72B90FC500017DF23 /* CDCoordinatesDto+CoreDataClass.swift */ = {isa = PBXFileReference; lastKnownFileType = sourcecode.swift; path = "CDCoordinatesDto+CoreDataClass.swift"; sourceTree = "<group>"; };
		0729B1D82B90FC500017DF23 /* CDCoordinatesDto+CoreDataProperties.swift */ = {isa = PBXFileReference; lastKnownFileType = sourcecode.swift; path = "CDCoordinatesDto+CoreDataProperties.swift"; sourceTree = "<group>"; };
		0729B1D92B90FC500017DF23 /* CDDobDto+CoreDataClass.swift */ = {isa = PBXFileReference; lastKnownFileType = sourcecode.swift; path = "CDDobDto+CoreDataClass.swift"; sourceTree = "<group>"; };
		0729B1DA2B90FC500017DF23 /* CDDobDto+CoreDataProperties.swift */ = {isa = PBXFileReference; lastKnownFileType = sourcecode.swift; path = "CDDobDto+CoreDataProperties.swift"; sourceTree = "<group>"; };
		0729B1DB2B90FC500017DF23 /* CDInfoDto+CoreDataClass.swift */ = {isa = PBXFileReference; lastKnownFileType = sourcecode.swift; path = "CDInfoDto+CoreDataClass.swift"; sourceTree = "<group>"; };
		0729B1DC2B90FC500017DF23 /* CDInfoDto+CoreDataProperties.swift */ = {isa = PBXFileReference; lastKnownFileType = sourcecode.swift; path = "CDInfoDto+CoreDataProperties.swift"; sourceTree = "<group>"; };
		0729B1DD2B90FC500017DF23 /* CDPictureDto+CoreDataClass.swift */ = {isa = PBXFileReference; lastKnownFileType = sourcecode.swift; path = "CDPictureDto+CoreDataClass.swift"; sourceTree = "<group>"; };
		0729B1DE2B90FC500017DF23 /* CDPictureDto+CoreDataProperties.swift */ = {isa = PBXFileReference; lastKnownFileType = sourcecode.swift; path = "CDPictureDto+CoreDataProperties.swift"; sourceTree = "<group>"; };
		0729B1E02B90FC500017DF23 /* CdRegisteredDto+CoreDataProperties.swift */ = {isa = PBXFileReference; lastKnownFileType = sourcecode.swift; path = "CdRegisteredDto+CoreDataProperties.swift"; sourceTree = "<group>"; };
		0729B1E12B90FC500017DF23 /* CDStreetDto+CoreDataClass.swift */ = {isa = PBXFileReference; lastKnownFileType = sourcecode.swift; path = "CDStreetDto+CoreDataClass.swift"; sourceTree = "<group>"; };
		0729B1E22B90FC500017DF23 /* CDStreetDto+CoreDataProperties.swift */ = {isa = PBXFileReference; lastKnownFileType = sourcecode.swift; path = "CDStreetDto+CoreDataProperties.swift"; sourceTree = "<group>"; };
		0729B1FD2B90FC960017DF23 /* CDLocationDto+CoreDataClass.swift */ = {isa = PBXFileReference; fileEncoding = 4; lastKnownFileType = sourcecode.swift; path = "CDLocationDto+CoreDataClass.swift"; sourceTree = "<group>"; };
		0729B1FE2B90FC960017DF23 /* CdRegisteredDto+CoreDataClass.swift */ = {isa = PBXFileReference; fileEncoding = 4; lastKnownFileType = sourcecode.swift; path = "CdRegisteredDto+CoreDataClass.swift"; sourceTree = "<group>"; };
		0729B2012B9104CF0017DF23 /* UsersUseCase.swift */ = {isa = PBXFileReference; lastKnownFileType = sourcecode.swift; path = UsersUseCase.swift; sourceTree = "<group>"; };
		0729B2032B9105F10017DF23 /* UserRepository.swift */ = {isa = PBXFileReference; lastKnownFileType = sourcecode.swift; path = UserRepository.swift; sourceTree = "<group>"; };
		0729B2052B9108FE0017DF23 /* UserRepositoryImp.swift */ = {isa = PBXFileReference; lastKnownFileType = sourcecode.swift; path = UserRepositoryImp.swift; sourceTree = "<group>"; };
		0729B2072B9111C00017DF23 /* SplashViewController.swift */ = {isa = PBXFileReference; lastKnownFileType = sourcecode.swift; path = SplashViewController.swift; sourceTree = "<group>"; };
		0729B2082B9111C00017DF23 /* SplashViewController.xib */ = {isa = PBXFileReference; lastKnownFileType = file.xib; path = SplashViewController.xib; sourceTree = "<group>"; };
		0729B2162B911ACA0017DF23 /* ListViewController.swift */ = {isa = PBXFileReference; lastKnownFileType = sourcecode.swift; path = ListViewController.swift; sourceTree = "<group>"; };
		0729B2172B911ACA0017DF23 /* ListViewController.xib */ = {isa = PBXFileReference; lastKnownFileType = file.xib; path = ListViewController.xib; sourceTree = "<group>"; };
		0729B21A2B915E900017DF23 /* UserListViewModel.swift */ = {isa = PBXFileReference; lastKnownFileType = sourcecode.swift; path = UserListViewModel.swift; sourceTree = "<group>"; };
		0729B2212B9163370017DF23 /* UserTableViewCell.swift */ = {isa = PBXFileReference; lastKnownFileType = sourcecode.swift; path = UserTableViewCell.swift; sourceTree = "<group>"; };
		0729B2222B9163370017DF23 /* UserTableViewCell.xib */ = {isa = PBXFileReference; lastKnownFileType = file.xib; path = UserTableViewCell.xib; sourceTree = "<group>"; };
		0729B2252B9173310017DF23 /* UserEntityMapper.swift */ = {isa = PBXFileReference; lastKnownFileType = sourcecode.swift; path = UserEntityMapper.swift; sourceTree = "<group>"; };
		0729B2272B9185090017DF23 /* ViewFactory.swift */ = {isa = PBXFileReference; lastKnownFileType = sourcecode.swift; path = ViewFactory.swift; sourceTree = "<group>"; };
		0729B2292B918DF90017DF23 /* UserDetailViewController.swift */ = {isa = PBXFileReference; lastKnownFileType = sourcecode.swift; path = UserDetailViewController.swift; sourceTree = "<group>"; };
		0729B22A2B918DF90017DF23 /* UserDetailViewController.xib */ = {isa = PBXFileReference; lastKnownFileType = file.xib; path = UserDetailViewController.xib; sourceTree = "<group>"; };
		0729B22D2B919A980017DF23 /* UserViewModelFactory.swift */ = {isa = PBXFileReference; lastKnownFileType = sourcecode.swift; path = UserViewModelFactory.swift; sourceTree = "<group>"; };
		0729B2312B91A68F0017DF23 /* Reachability.swift */ = {isa = PBXFileReference; lastKnownFileType = sourcecode.swift; path = Reachability.swift; sourceTree = "<group>"; };
		0729B2362B91AD7D0017DF23 /* NetworkManager.swift */ = {isa = PBXFileReference; lastKnownFileType = sourcecode.swift; path = NetworkManager.swift; sourceTree = "<group>"; };
		079025452B8EFA5900B36704 /* UserEntity.swift */ = {isa = PBXFileReference; lastKnownFileType = sourcecode.swift; path = UserEntity.swift; sourceTree = "<group>"; };
		0790DFFB2B8F969A0050F5CD /* UserDTO.swift */ = {isa = PBXFileReference; lastKnownFileType = sourcecode.swift; path = UserDTO.swift; sourceTree = "<group>"; };
		0790DFFD2B8F9E080050F5CD /* Networking.swift */ = {isa = PBXFileReference; lastKnownFileType = sourcecode.swift; path = Networking.swift; sourceTree = "<group>"; };
		0790DFFF2B8FF4DD0050F5CD /* Date+Additions.swift */ = {isa = PBXFileReference; lastKnownFileType = sourcecode.swift; path = "Date+Additions.swift"; sourceTree = "<group>"; };
		0790E0012B8FF56F0050F5CD /* CDUserDataSource.swift */ = {isa = PBXFileReference; lastKnownFileType = sourcecode.swift; path = CDUserDataSource.swift; sourceTree = "<group>"; };
		0790E0032B8FFA580050F5CD /* ApiUserDataSource.swift */ = {isa = PBXFileReference; lastKnownFileType = sourcecode.swift; path = ApiUserDataSource.swift; sourceTree = "<group>"; };
		0790E0072B8FFF010050F5CD /* MapUserToCDUserDto.swift */ = {isa = PBXFileReference; lastKnownFileType = sourcecode.swift; path = MapUserToCDUserDto.swift; sourceTree = "<group>"; };
		0790E0092B90114C0050F5CD /* EnviromentParameters.swift */ = {isa = PBXFileReference; lastKnownFileType = sourcecode.swift; path = EnviromentParameters.swift; sourceTree = "<group>"; };
		07DE79E82B8EAEAC0088FAC4 /* RandomUser.app */ = {isa = PBXFileReference; explicitFileType = wrapper.application; includeInIndex = 0; path = RandomUser.app; sourceTree = BUILT_PRODUCTS_DIR; };
		07DE79EB2B8EAEAC0088FAC4 /* AppDelegate.swift */ = {isa = PBXFileReference; lastKnownFileType = sourcecode.swift; path = AppDelegate.swift; sourceTree = "<group>"; };
		07DE79ED2B8EAEAC0088FAC4 /* SceneDelegate.swift */ = {isa = PBXFileReference; lastKnownFileType = sourcecode.swift; path = SceneDelegate.swift; sourceTree = "<group>"; };
		07DE79F52B8EAEAC0088FAC4 /* RandomUser.xcdatamodel */ = {isa = PBXFileReference; lastKnownFileType = wrapper.xcdatamodel; path = RandomUser.xcdatamodel; sourceTree = "<group>"; };
		07DE79F72B8EAEAF0088FAC4 /* Assets.xcassets */ = {isa = PBXFileReference; lastKnownFileType = folder.assetcatalog; path = Assets.xcassets; sourceTree = "<group>"; };
		07DE79FA2B8EAEAF0088FAC4 /* Base */ = {isa = PBXFileReference; lastKnownFileType = file.storyboard; name = Base; path = Base.lproj/LaunchScreen.storyboard; sourceTree = "<group>"; };
		07DE79FC2B8EAEAF0088FAC4 /* Info.plist */ = {isa = PBXFileReference; lastKnownFileType = text.plist.xml; path = Info.plist; sourceTree = "<group>"; };
		07DE7A332B8ED8DA0088FAC4 /* ManageCoreData.swift */ = {isa = PBXFileReference; lastKnownFileType = sourcecode.swift; path = ManageCoreData.swift; sourceTree = "<group>"; };
		2F97C6377199781610EE11E2 /* Pods-RandomUser.release.xcconfig */ = {isa = PBXFileReference; includeInIndex = 1; lastKnownFileType = text.xcconfig; name = "Pods-RandomUser.release.xcconfig"; path = "Target Support Files/Pods-RandomUser/Pods-RandomUser.release.xcconfig"; sourceTree = "<group>"; };
		36672188CBAF577A44568F62 /* Pods-RandomUser.debug.xcconfig */ = {isa = PBXFileReference; includeInIndex = 1; lastKnownFileType = text.xcconfig; name = "Pods-RandomUser.debug.xcconfig"; path = "Target Support Files/Pods-RandomUser/Pods-RandomUser.debug.xcconfig"; sourceTree = "<group>"; };
		BF3BC0D5F40804E73F808F4E /* Pods_RandomUser.framework */ = {isa = PBXFileReference; explicitFileType = wrapper.framework; includeInIndex = 0; path = Pods_RandomUser.framework; sourceTree = BUILT_PRODUCTS_DIR; };
/* End PBXFileReference section */

/* Begin PBXFrameworksBuildPhase section */
		07DE79E52B8EAEAC0088FAC4 /* Frameworks */ = {
			isa = PBXFrameworksBuildPhase;
			buildActionMask = 2147483647;
			files = (
				506C5279B19EE8C60FDA0E14 /* Pods_RandomUser.framework in Frameworks */,
			);
			runOnlyForDeploymentPostprocessing = 0;
		};
/* End PBXFrameworksBuildPhase section */

/* Begin PBXGroup section */
		0729A5EB2B8EE897004160FF /* CoreDataDto */ = {
			isa = PBXGroup;
			children = (
				0729B1C92B90FC4F0017DF23 /* CDUserDto+CoreDataClass.swift */,
				0729B1CA2B90FC4F0017DF23 /* CDUserDto+CoreDataProperties.swift */,
				0729B1CB2B90FC500017DF23 /* CDTimeDto+CoreDataClass.swift */,
				0729B1CC2B90FC500017DF23 /* CDTimeDto+CoreDataProperties.swift */,
				0729B1CD2B90FC500017DF23 /* CDResponseDto+CoreDataClass.swift */,
				0729B1CE2B90FC500017DF23 /* CDResponseDto+CoreDataProperties.swift */,
				0729B1CF2B90FC500017DF23 /* CDLoginDto+CoreDataClass.swift */,
				0729B1D02B90FC500017DF23 /* CDLoginDto+CoreDataProperties.swift */,
				0729B1D22B90FC500017DF23 /* CDLocationDto+CoreDataProperties.swift */,
				0729B1FD2B90FC960017DF23 /* CDLocationDto+CoreDataClass.swift */,
				0729B1FE2B90FC960017DF23 /* CdRegisteredDto+CoreDataClass.swift */,
				0729B1D32B90FC500017DF23 /* CDNameDto+CoreDataClass.swift */,
				0729B1D42B90FC500017DF23 /* CDNameDto+CoreDataProperties.swift */,
				0729B1D52B90FC500017DF23 /* CDIdDto+CoreDataClass.swift */,
				0729B1D62B90FC500017DF23 /* CDIdDto+CoreDataProperties.swift */,
				0729B1D72B90FC500017DF23 /* CDCoordinatesDto+CoreDataClass.swift */,
				0729B1D82B90FC500017DF23 /* CDCoordinatesDto+CoreDataProperties.swift */,
				0729B1D92B90FC500017DF23 /* CDDobDto+CoreDataClass.swift */,
				0729B1DA2B90FC500017DF23 /* CDDobDto+CoreDataProperties.swift */,
				0729B1DB2B90FC500017DF23 /* CDInfoDto+CoreDataClass.swift */,
				0729B1DC2B90FC500017DF23 /* CDInfoDto+CoreDataProperties.swift */,
				0729B1DD2B90FC500017DF23 /* CDPictureDto+CoreDataClass.swift */,
				0729B1DE2B90FC500017DF23 /* CDPictureDto+CoreDataProperties.swift */,
				0729B1E02B90FC500017DF23 /* CdRegisteredDto+CoreDataProperties.swift */,
				0729B1E12B90FC500017DF23 /* CDStreetDto+CoreDataClass.swift */,
				0729B1E22B90FC500017DF23 /* CDStreetDto+CoreDataProperties.swift */,
			);
			path = CoreDataDto;
			sourceTree = "<group>";
		};
		0729B21C2B9162FA0017DF23 /* Cell */ = {
			isa = PBXGroup;
			children = (
				0729B2212B9163370017DF23 /* UserTableViewCell.swift */,
				0729B2222B9163370017DF23 /* UserTableViewCell.xib */,
			);
			path = Cell;
			sourceTree = "<group>";
		};
		07DE79DF2B8EAEAC0088FAC4 = {
			isa = PBXGroup;
			children = (
				07DE79EA2B8EAEAC0088FAC4 /* RandomUser */,
				07DE79E92B8EAEAC0088FAC4 /* Products */,
				8AC904083FBCD8D67E0D89E5 /* Pods */,
				4B1CF56A85379C20DFF2A7B3 /* Frameworks */,
			);
			sourceTree = "<group>";
		};
		07DE79E92B8EAEAC0088FAC4 /* Products */ = {
			isa = PBXGroup;
			children = (
				07DE79E82B8EAEAC0088FAC4 /* RandomUser.app */,
			);
			name = Products;
			sourceTree = "<group>";
		};
		07DE79EA2B8EAEAC0088FAC4 /* RandomUser */ = {
			isa = PBXGroup;
			children = (
				07DE7A0A2B8EAFE90088FAC4 /* CompositionRoot */,
				07DE7A092B8EAFE30088FAC4 /* Presentation */,
				07DE7A082B8EAFC70088FAC4 /* Application */,
				07DE7A072B8EAFBB0088FAC4 /* Enviroment */,
				07DE7A052B8EAFAE0088FAC4 /* Data */,
				07DE7A032B8EAFA00088FAC4 /* Domain */,
				07DE7A022B8EAF910088FAC4 /* Infraestructure */,
				07DE79EB2B8EAEAC0088FAC4 /* AppDelegate.swift */,
				07DE79ED2B8EAEAC0088FAC4 /* SceneDelegate.swift */,
				07DE79F72B8EAEAF0088FAC4 /* Assets.xcassets */,
				07DE79F92B8EAEAF0088FAC4 /* LaunchScreen.storyboard */,
				07DE79FC2B8EAEAF0088FAC4 /* Info.plist */,
				07DE79F42B8EAEAC0088FAC4 /* RandomUser.xcdatamodeld */,
			);
			path = RandomUser;
			sourceTree = "<group>";
		};
		07DE7A022B8EAF910088FAC4 /* Infraestructure */ = {
			isa = PBXGroup;
			children = (
				07DE7A322B8ED8BA0088FAC4 /* CoreData */,
				07DE7A0C2B8EB00A0088FAC4 /* Networking */,
			);
			path = Infraestructure;
			sourceTree = "<group>";
		};
		07DE7A032B8EAFA00088FAC4 /* Domain */ = {
			isa = PBXGroup;
			children = (
				07DE7A0F2B8EB0310088FAC4 /* Interfases */,
				07DE7A0E2B8EB0250088FAC4 /* Entity */,
				07DE7A0D2B8EB0170088FAC4 /* UseCases */,
			);
			path = Domain;
			sourceTree = "<group>";
		};
		07DE7A052B8EAFAE0088FAC4 /* Data */ = {
			isa = PBXGroup;
			children = (
				07DE7A132B8EB05E0088FAC4 /* DataSource */,
				07DE7A122B8EB0580088FAC4 /* Mappers */,
				07DE7A112B8EB04F0088FAC4 /* Dtos */,
				07DE7A102B8EB0440088FAC4 /* Repository */,
			);
			path = Data;
			sourceTree = "<group>";
		};
		07DE7A072B8EAFBB0088FAC4 /* Enviroment */ = {
			isa = PBXGroup;
			children = (
				0790E0092B90114C0050F5CD /* EnviromentParameters.swift */,
			);
			path = Enviroment;
			sourceTree = "<group>";
		};
		07DE7A082B8EAFC70088FAC4 /* Application */ = {
			isa = PBXGroup;
			children = (
				07DE7A162B8EB0A90088FAC4 /* Constant */,
			);
			path = Application;
			sourceTree = "<group>";
		};
		07DE7A092B8EAFE30088FAC4 /* Presentation */ = {
			isa = PBXGroup;
			children = (
				07DE7A192B8EB0D30088FAC4 /* UI */,
				07DE7A182B8EB0CD0088FAC4 /* Presenter */,
			);
			path = Presentation;
			sourceTree = "<group>";
		};
		07DE7A0A2B8EAFE90088FAC4 /* CompositionRoot */ = {
			isa = PBXGroup;
			children = (
				07DE7A1B2B8EB0E30088FAC4 /* Scenes */,
				07DE7A1A2B8EB0DD0088FAC4 /* ViewModels */,
			);
			path = CompositionRoot;
			sourceTree = "<group>";
		};
		07DE7A0C2B8EB00A0088FAC4 /* Networking */ = {
			isa = PBXGroup;
			children = (
				0790DFFD2B8F9E080050F5CD /* Networking.swift */,
				0729B2312B91A68F0017DF23 /* Reachability.swift */,
			);
			path = Networking;
			sourceTree = "<group>";
		};
		07DE7A0D2B8EB0170088FAC4 /* UseCases */ = {
			isa = PBXGroup;
			children = (
				0729B2012B9104CF0017DF23 /* UsersUseCase.swift */,
			);
			path = UseCases;
			sourceTree = "<group>";
		};
		07DE7A0E2B8EB0250088FAC4 /* Entity */ = {
			isa = PBXGroup;
			children = (
				079025452B8EFA5900B36704 /* UserEntity.swift */,
			);
			path = Entity;
			sourceTree = "<group>";
		};
		07DE7A0F2B8EB0310088FAC4 /* Interfases */ = {
			isa = PBXGroup;
			children = (
				0729B2032B9105F10017DF23 /* UserRepository.swift */,
			);
			path = Interfases;
			sourceTree = "<group>";
		};
		07DE7A102B8EB0440088FAC4 /* Repository */ = {
			isa = PBXGroup;
			children = (
				0729B2052B9108FE0017DF23 /* UserRepositoryImp.swift */,
			);
			path = Repository;
			sourceTree = "<group>";
		};
		07DE7A112B8EB04F0088FAC4 /* Dtos */ = {
			isa = PBXGroup;
			children = (
				0729A5EB2B8EE897004160FF /* CoreDataDto */,
				0790DFFB2B8F969A0050F5CD /* UserDTO.swift */,
			);
			path = Dtos;
			sourceTree = "<group>";
		};
		07DE7A122B8EB0580088FAC4 /* Mappers */ = {
			isa = PBXGroup;
			children = (
				0790E0072B8FFF010050F5CD /* MapUserToCDUserDto.swift */,
				0729B2252B9173310017DF23 /* UserEntityMapper.swift */,
			);
			path = Mappers;
			sourceTree = "<group>";
		};
		07DE7A132B8EB05E0088FAC4 /* DataSource */ = {
			isa = PBXGroup;
			children = (
				0790E0012B8FF56F0050F5CD /* CDUserDataSource.swift */,
				0790E0032B8FFA580050F5CD /* ApiUserDataSource.swift */,
			);
			path = DataSource;
			sourceTree = "<group>";
		};
		07DE7A162B8EB0A90088FAC4 /* Constant */ = {
			isa = PBXGroup;
			children = (
				0790DFFF2B8FF4DD0050F5CD /* Date+Additions.swift */,
				0729B2362B91AD7D0017DF23 /* NetworkManager.swift */,
			);
			path = Constant;
			sourceTree = "<group>";
		};
		07DE7A182B8EB0CD0088FAC4 /* Presenter */ = {
			isa = PBXGroup;
			children = (
				0729B21A2B915E900017DF23 /* UserListViewModel.swift */,
			);
			path = Presenter;
			sourceTree = "<group>";
		};
		07DE7A192B8EB0D30088FAC4 /* UI */ = {
			isa = PBXGroup;
			children = (
				0729B21C2B9162FA0017DF23 /* Cell */,
				0729B2072B9111C00017DF23 /* SplashViewController.swift */,
				0729B2082B9111C00017DF23 /* SplashViewController.xib */,
				0729B2162B911ACA0017DF23 /* ListViewController.swift */,
				0729B2172B911ACA0017DF23 /* ListViewController.xib */,
				0729B2292B918DF90017DF23 /* UserDetailViewController.swift */,
				0729B22A2B918DF90017DF23 /* UserDetailViewController.xib */,
			);
			path = UI;
			sourceTree = "<group>";
		};
		07DE7A1A2B8EB0DD0088FAC4 /* ViewModels */ = {
			isa = PBXGroup;
			children = (
				0729B22D2B919A980017DF23 /* UserViewModelFactory.swift */,
			);
			path = ViewModels;
			sourceTree = "<group>";
		};
		07DE7A1B2B8EB0E30088FAC4 /* Scenes */ = {
			isa = PBXGroup;
			children = (
				0729B2272B9185090017DF23 /* ViewFactory.swift */,
			);
			path = Scenes;
			sourceTree = "<group>";
		};
		07DE7A322B8ED8BA0088FAC4 /* CoreData */ = {
			isa = PBXGroup;
			children = (
				07DE7A332B8ED8DA0088FAC4 /* ManageCoreData.swift */,
			);
			path = CoreData;
			sourceTree = "<group>";
		};
		4B1CF56A85379C20DFF2A7B3 /* Frameworks */ = {
			isa = PBXGroup;
			children = (
				BF3BC0D5F40804E73F808F4E /* Pods_RandomUser.framework */,
			);
			name = Frameworks;
			sourceTree = "<group>";
		};
		8AC904083FBCD8D67E0D89E5 /* Pods */ = {
			isa = PBXGroup;
			children = (
				36672188CBAF577A44568F62 /* Pods-RandomUser.debug.xcconfig */,
				2F97C6377199781610EE11E2 /* Pods-RandomUser.release.xcconfig */,
			);
			path = Pods;
			sourceTree = "<group>";
		};
/* End PBXGroup section */

/* Begin PBXNativeTarget section */
		07DE79E72B8EAEAC0088FAC4 /* RandomUser */ = {
			isa = PBXNativeTarget;
			buildConfigurationList = 07DE79FF2B8EAEAF0088FAC4 /* Build configuration list for PBXNativeTarget "RandomUser" */;
			buildPhases = (
				C46E34A1E2BF4DFB4DBEA82F /* [CP] Check Pods Manifest.lock */,
				07DE79E42B8EAEAC0088FAC4 /* Sources */,
				07DE79E52B8EAEAC0088FAC4 /* Frameworks */,
				07DE79E62B8EAEAC0088FAC4 /* Resources */,
				8AF8BECFD950F8F2B8DC5BF6 /* [CP] Embed Pods Frameworks */,
			);
			buildRules = (
			);
			dependencies = (
			);
			name = RandomUser;
			productName = RandomUser;
			productReference = 07DE79E82B8EAEAC0088FAC4 /* RandomUser.app */;
			productType = "com.apple.product-type.application";
		};
/* End PBXNativeTarget section */

/* Begin PBXProject section */
		07DE79E02B8EAEAC0088FAC4 /* Project object */ = {
			isa = PBXProject;
			attributes = {
				BuildIndependentTargetsInParallel = 1;
				LastSwiftUpdateCheck = 1520;
				LastUpgradeCheck = 1520;
				TargetAttributes = {
					07DE79E72B8EAEAC0088FAC4 = {
						CreatedOnToolsVersion = 15.2;
					};
				};
			};
			buildConfigurationList = 07DE79E32B8EAEAC0088FAC4 /* Build configuration list for PBXProject "RandomUser" */;
			compatibilityVersion = "Xcode 14.0";
			developmentRegion = en;
			hasScannedForEncodings = 0;
			knownRegions = (
				en,
				Base,
			);
			mainGroup = 07DE79DF2B8EAEAC0088FAC4;
			productRefGroup = 07DE79E92B8EAEAC0088FAC4 /* Products */;
			projectDirPath = "";
			projectRoot = "";
			targets = (
				07DE79E72B8EAEAC0088FAC4 /* RandomUser */,
			);
		};
/* End PBXProject section */

/* Begin PBXResourcesBuildPhase section */
		07DE79E62B8EAEAC0088FAC4 /* Resources */ = {
			isa = PBXResourcesBuildPhase;
			buildActionMask = 2147483647;
			files = (
				07DE79FB2B8EAEAF0088FAC4 /* LaunchScreen.storyboard in Resources */,
				0729B2192B911ACA0017DF23 /* ListViewController.xib in Resources */,
				07DE79F82B8EAEAF0088FAC4 /* Assets.xcassets in Resources */,
				0729B2242B9163370017DF23 /* UserTableViewCell.xib in Resources */,
				0729B22C2B918DF90017DF23 /* UserDetailViewController.xib in Resources */,
				0729B20A2B9111C00017DF23 /* SplashViewController.xib in Resources */,
			);
			runOnlyForDeploymentPostprocessing = 0;
		};
/* End PBXResourcesBuildPhase section */

/* Begin PBXShellScriptBuildPhase section */
		8AF8BECFD950F8F2B8DC5BF6 /* [CP] Embed Pods Frameworks */ = {
			isa = PBXShellScriptBuildPhase;
			buildActionMask = 2147483647;
			files = (
			);
			inputFileListPaths = (
				"${PODS_ROOT}/Target Support Files/Pods-RandomUser/Pods-RandomUser-frameworks-${CONFIGURATION}-input-files.xcfilelist",
			);
			name = "[CP] Embed Pods Frameworks";
			outputFileListPaths = (
				"${PODS_ROOT}/Target Support Files/Pods-RandomUser/Pods-RandomUser-frameworks-${CONFIGURATION}-output-files.xcfilelist",
			);
			runOnlyForDeploymentPostprocessing = 0;
			shellPath = /bin/sh;
			shellScript = "\"${PODS_ROOT}/Target Support Files/Pods-RandomUser/Pods-RandomUser-frameworks.sh\"\n";
			showEnvVarsInLog = 0;
		};
		C46E34A1E2BF4DFB4DBEA82F /* [CP] Check Pods Manifest.lock */ = {
			isa = PBXShellScriptBuildPhase;
			buildActionMask = 2147483647;
			files = (
			);
			inputFileListPaths = (
			);
			inputPaths = (
				"${PODS_PODFILE_DIR_PATH}/Podfile.lock",
				"${PODS_ROOT}/Manifest.lock",
			);
			name = "[CP] Check Pods Manifest.lock";
			outputFileListPaths = (
			);
			outputPaths = (
				"$(DERIVED_FILE_DIR)/Pods-RandomUser-checkManifestLockResult.txt",
			);
			runOnlyForDeploymentPostprocessing = 0;
			shellPath = /bin/sh;
			shellScript = "diff \"${PODS_PODFILE_DIR_PATH}/Podfile.lock\" \"${PODS_ROOT}/Manifest.lock\" > /dev/null\nif [ $? != 0 ] ; then\n    # print error to STDERR\n    echo \"error: The sandbox is not in sync with the Podfile.lock. Run 'pod install' or update your CocoaPods installation.\" >&2\n    exit 1\nfi\n# This output is used by Xcode 'outputs' to avoid re-running this script phase.\necho \"SUCCESS\" > \"${SCRIPT_OUTPUT_FILE_0}\"\n";
			showEnvVarsInLog = 0;
		};
/* End PBXShellScriptBuildPhase section */

/* Begin PBXSourcesBuildPhase section */
		07DE79E42B8EAEAC0088FAC4 /* Sources */ = {
			isa = PBXSourcesBuildPhase;
			buildActionMask = 2147483647;
			files = (
				0729B1E92B90FC500017DF23 /* CDLoginDto+CoreDataClass.swift in Sources */,
				0790E0002B8FF4DD0050F5CD /* Date+Additions.swift in Sources */,
				0790E0042B8FFA580050F5CD /* ApiUserDataSource.swift in Sources */,
				0729B2372B91AD7D0017DF23 /* NetworkManager.swift in Sources */,
				0790E00A2B90114C0050F5CD /* EnviromentParameters.swift in Sources */,
				0729B2022B9104CF0017DF23 /* UsersUseCase.swift in Sources */,
				07DE79EC2B8EAEAC0088FAC4 /* AppDelegate.swift in Sources */,
				07DE79EE2B8EAEAC0088FAC4 /* SceneDelegate.swift in Sources */,
				0729B1F32B90FC500017DF23 /* CDDobDto+CoreDataClass.swift in Sources */,
				07DE79F62B8EAEAC0088FAC4 /* RandomUser.xcdatamodeld in Sources */,
				0729B1F22B90FC500017DF23 /* CDCoordinatesDto+CoreDataProperties.swift in Sources */,
				0729B1EE2B90FC500017DF23 /* CDNameDto+CoreDataProperties.swift in Sources */,
				0729B2062B9108FE0017DF23 /* UserRepositoryImp.swift in Sources */,
				0729B1E42B90FC500017DF23 /* CDUserDto+CoreDataProperties.swift in Sources */,
				0790DFFC2B8F969A0050F5CD /* UserDTO.swift in Sources */,
				07DE7A342B8ED8DA0088FAC4 /* ManageCoreData.swift in Sources */,
				0729B1EF2B90FC500017DF23 /* CDIdDto+CoreDataClass.swift in Sources */,
				0729B1E52B90FC500017DF23 /* CDTimeDto+CoreDataClass.swift in Sources */,
				0790E0022B8FF56F0050F5CD /* CDUserDataSource.swift in Sources */,
				0729B2092B9111C00017DF23 /* SplashViewController.swift in Sources */,
				0729B1EA2B90FC500017DF23 /* CDLoginDto+CoreDataProperties.swift in Sources */,
				0729B2262B9173310017DF23 /* UserEntityMapper.swift in Sources */,
				0790DFFE2B8F9E080050F5CD /* Networking.swift in Sources */,
				0729B2322B91A68F0017DF23 /* Reachability.swift in Sources */,
				0729B1E62B90FC500017DF23 /* CDTimeDto+CoreDataProperties.swift in Sources */,
				0729B1E32B90FC500017DF23 /* CDUserDto+CoreDataClass.swift in Sources */,
				0729B2232B9163370017DF23 /* UserTableViewCell.swift in Sources */,
				0729B22E2B919A980017DF23 /* UserViewModelFactory.swift in Sources */,
				0729B1E72B90FC500017DF23 /* CDResponseDto+CoreDataClass.swift in Sources */,
				0729B1F52B90FC500017DF23 /* CDInfoDto+CoreDataClass.swift in Sources */,
				0729B1FA2B90FC500017DF23 /* CdRegisteredDto+CoreDataProperties.swift in Sources */,
				0729B1FC2B90FC500017DF23 /* CDStreetDto+CoreDataProperties.swift in Sources */,
				0729B1F12B90FC500017DF23 /* CDCoordinatesDto+CoreDataClass.swift in Sources */,
				0729B1F42B90FC500017DF23 /* CDDobDto+CoreDataProperties.swift in Sources */,
				0729B1E82B90FC500017DF23 /* CDResponseDto+CoreDataProperties.swift in Sources */,
				0729B1FF2B90FC960017DF23 /* CDLocationDto+CoreDataClass.swift in Sources */,
				0729B2042B9105F10017DF23 /* UserRepository.swift in Sources */,
				0729B2282B9185090017DF23 /* ViewFactory.swift in Sources */,
				0729B1F72B90FC500017DF23 /* CDPictureDto+CoreDataClass.swift in Sources */,
				0729B1ED2B90FC500017DF23 /* CDNameDto+CoreDataClass.swift in Sources */,
				0790E0082B8FFF010050F5CD /* MapUserToCDUserDto.swift in Sources */,
				0729B1F02B90FC500017DF23 /* CDIdDto+CoreDataProperties.swift in Sources */,
				079025462B8EFA5900B36704 /* UserEntity.swift in Sources */,
				0729B2182B911ACA0017DF23 /* ListViewController.swift in Sources */,
				0729B22B2B918DF90017DF23 /* UserDetailViewController.swift in Sources */,
				0729B1F82B90FC500017DF23 /* CDPictureDto+CoreDataProperties.swift in Sources */,
				0729B1F62B90FC500017DF23 /* CDInfoDto+CoreDataProperties.swift in Sources */,
				0729B2002B90FC960017DF23 /* CdRegisteredDto+CoreDataClass.swift in Sources */,
				0729B1EC2B90FC500017DF23 /* CDLocationDto+CoreDataProperties.swift in Sources */,
				0729B21B2B915E900017DF23 /* UserListViewModel.swift in Sources */,
				0729B1FB2B90FC500017DF23 /* CDStreetDto+CoreDataClass.swift in Sources */,
			);
			runOnlyForDeploymentPostprocessing = 0;
		};
/* End PBXSourcesBuildPhase section */

/* Begin PBXVariantGroup section */
		07DE79F92B8EAEAF0088FAC4 /* LaunchScreen.storyboard */ = {
			isa = PBXVariantGroup;
			children = (
				07DE79FA2B8EAEAF0088FAC4 /* Base */,
			);
			name = LaunchScreen.storyboard;
			sourceTree = "<group>";
		};
/* End PBXVariantGroup section */

/* Begin XCBuildConfiguration section */
		07DE79FD2B8EAEAF0088FAC4 /* Debug */ = {
			isa = XCBuildConfiguration;
			buildSettings = {
				ALWAYS_SEARCH_USER_PATHS = NO;
				ASSETCATALOG_COMPILER_GENERATE_SWIFT_ASSET_SYMBOL_EXTENSIONS = YES;
				CLANG_ANALYZER_NONNULL = YES;
				CLANG_ANALYZER_NUMBER_OBJECT_CONVERSION = YES_AGGRESSIVE;
				CLANG_CXX_LANGUAGE_STANDARD = "gnu++20";
				CLANG_ENABLE_MODULES = YES;
				CLANG_ENABLE_OBJC_ARC = YES;
				CLANG_ENABLE_OBJC_WEAK = YES;
				CLANG_WARN_BLOCK_CAPTURE_AUTORELEASING = YES;
				CLANG_WARN_BOOL_CONVERSION = YES;
				CLANG_WARN_COMMA = YES;
				CLANG_WARN_CONSTANT_CONVERSION = YES;
				CLANG_WARN_DEPRECATED_OBJC_IMPLEMENTATIONS = YES;
				CLANG_WARN_DIRECT_OBJC_ISA_USAGE = YES_ERROR;
				CLANG_WARN_DOCUMENTATION_COMMENTS = YES;
				CLANG_WARN_EMPTY_BODY = YES;
				CLANG_WARN_ENUM_CONVERSION = YES;
				CLANG_WARN_INFINITE_RECURSION = YES;
				CLANG_WARN_INT_CONVERSION = YES;
				CLANG_WARN_NON_LITERAL_NULL_CONVERSION = YES;
				CLANG_WARN_OBJC_IMPLICIT_RETAIN_SELF = YES;
				CLANG_WARN_OBJC_LITERAL_CONVERSION = YES;
				CLANG_WARN_OBJC_ROOT_CLASS = YES_ERROR;
				CLANG_WARN_QUOTED_INCLUDE_IN_FRAMEWORK_HEADER = YES;
				CLANG_WARN_RANGE_LOOP_ANALYSIS = YES;
				CLANG_WARN_STRICT_PROTOTYPES = YES;
				CLANG_WARN_SUSPICIOUS_MOVE = YES;
				CLANG_WARN_UNGUARDED_AVAILABILITY = YES_AGGRESSIVE;
				CLANG_WARN_UNREACHABLE_CODE = YES;
				CLANG_WARN__DUPLICATE_METHOD_MATCH = YES;
				COPY_PHASE_STRIP = NO;
				DEBUG_INFORMATION_FORMAT = dwarf;
				ENABLE_STRICT_OBJC_MSGSEND = YES;
				ENABLE_TESTABILITY = YES;
				ENABLE_USER_SCRIPT_SANDBOXING = YES;
				GCC_C_LANGUAGE_STANDARD = gnu17;
				GCC_DYNAMIC_NO_PIC = NO;
				GCC_NO_COMMON_BLOCKS = YES;
				GCC_OPTIMIZATION_LEVEL = 0;
				GCC_PREPROCESSOR_DEFINITIONS = (
					"DEBUG=1",
					"$(inherited)",
				);
				GCC_WARN_64_TO_32_BIT_CONVERSION = YES;
				GCC_WARN_ABOUT_RETURN_TYPE = YES_ERROR;
				GCC_WARN_UNDECLARED_SELECTOR = YES;
				GCC_WARN_UNINITIALIZED_AUTOS = YES_AGGRESSIVE;
				GCC_WARN_UNUSED_FUNCTION = YES;
				GCC_WARN_UNUSED_VARIABLE = YES;
				IPHONEOS_DEPLOYMENT_TARGET = 15.0;
				LOCALIZATION_PREFERS_STRING_CATALOGS = YES;
				MTL_ENABLE_DEBUG_INFO = INCLUDE_SOURCE;
				MTL_FAST_MATH = YES;
				ONLY_ACTIVE_ARCH = YES;
				SDKROOT = iphoneos;
				SWIFT_ACTIVE_COMPILATION_CONDITIONS = "DEBUG $(inherited)";
				SWIFT_OPTIMIZATION_LEVEL = "-Onone";
			};
			name = Debug;
		};
		07DE79FE2B8EAEAF0088FAC4 /* Release */ = {
			isa = XCBuildConfiguration;
			buildSettings = {
				ALWAYS_SEARCH_USER_PATHS = NO;
				ASSETCATALOG_COMPILER_GENERATE_SWIFT_ASSET_SYMBOL_EXTENSIONS = YES;
				CLANG_ANALYZER_NONNULL = YES;
				CLANG_ANALYZER_NUMBER_OBJECT_CONVERSION = YES_AGGRESSIVE;
				CLANG_CXX_LANGUAGE_STANDARD = "gnu++20";
				CLANG_ENABLE_MODULES = YES;
				CLANG_ENABLE_OBJC_ARC = YES;
				CLANG_ENABLE_OBJC_WEAK = YES;
				CLANG_WARN_BLOCK_CAPTURE_AUTORELEASING = YES;
				CLANG_WARN_BOOL_CONVERSION = YES;
				CLANG_WARN_COMMA = YES;
				CLANG_WARN_CONSTANT_CONVERSION = YES;
				CLANG_WARN_DEPRECATED_OBJC_IMPLEMENTATIONS = YES;
				CLANG_WARN_DIRECT_OBJC_ISA_USAGE = YES_ERROR;
				CLANG_WARN_DOCUMENTATION_COMMENTS = YES;
				CLANG_WARN_EMPTY_BODY = YES;
				CLANG_WARN_ENUM_CONVERSION = YES;
				CLANG_WARN_INFINITE_RECURSION = YES;
				CLANG_WARN_INT_CONVERSION = YES;
				CLANG_WARN_NON_LITERAL_NULL_CONVERSION = YES;
				CLANG_WARN_OBJC_IMPLICIT_RETAIN_SELF = YES;
				CLANG_WARN_OBJC_LITERAL_CONVERSION = YES;
				CLANG_WARN_OBJC_ROOT_CLASS = YES_ERROR;
				CLANG_WARN_QUOTED_INCLUDE_IN_FRAMEWORK_HEADER = YES;
				CLANG_WARN_RANGE_LOOP_ANALYSIS = YES;
				CLANG_WARN_STRICT_PROTOTYPES = YES;
				CLANG_WARN_SUSPICIOUS_MOVE = YES;
				CLANG_WARN_UNGUARDED_AVAILABILITY = YES_AGGRESSIVE;
				CLANG_WARN_UNREACHABLE_CODE = YES;
				CLANG_WARN__DUPLICATE_METHOD_MATCH = YES;
				COPY_PHASE_STRIP = NO;
				DEBUG_INFORMATION_FORMAT = "dwarf-with-dsym";
				ENABLE_NS_ASSERTIONS = NO;
				ENABLE_STRICT_OBJC_MSGSEND = YES;
				ENABLE_USER_SCRIPT_SANDBOXING = YES;
				GCC_C_LANGUAGE_STANDARD = gnu17;
				GCC_NO_COMMON_BLOCKS = YES;
				GCC_WARN_64_TO_32_BIT_CONVERSION = YES;
				GCC_WARN_ABOUT_RETURN_TYPE = YES_ERROR;
				GCC_WARN_UNDECLARED_SELECTOR = YES;
				GCC_WARN_UNINITIALIZED_AUTOS = YES_AGGRESSIVE;
				GCC_WARN_UNUSED_FUNCTION = YES;
				GCC_WARN_UNUSED_VARIABLE = YES;
				IPHONEOS_DEPLOYMENT_TARGET = 15.0;
				LOCALIZATION_PREFERS_STRING_CATALOGS = YES;
				MTL_ENABLE_DEBUG_INFO = NO;
				MTL_FAST_MATH = YES;
				SDKROOT = iphoneos;
				SWIFT_COMPILATION_MODE = wholemodule;
				VALIDATE_PRODUCT = YES;
			};
			name = Release;
		};
		07DE7A002B8EAEAF0088FAC4 /* Debug */ = {
			isa = XCBuildConfiguration;
			baseConfigurationReference = 36672188CBAF577A44568F62 /* Pods-RandomUser.debug.xcconfig */;
			buildSettings = {
				ASSETCATALOG_COMPILER_APPICON_NAME = AppIcon;
				ASSETCATALOG_COMPILER_GLOBAL_ACCENT_COLOR_NAME = AccentColor;
				CODE_SIGN_STYLE = Automatic;
				CURRENT_PROJECT_VERSION = 1;
				DEVELOPMENT_TEAM = 2BWXJS8CRF;
				ENABLE_USER_SCRIPT_SANDBOXING = NO;
				GENERATE_INFOPLIST_FILE = YES;
				INFOPLIST_FILE = RandomUser/Info.plist;
				INFOPLIST_KEY_UIApplicationSupportsIndirectInputEvents = YES;
				INFOPLIST_KEY_UILaunchStoryboardName = LaunchScreen;
				INFOPLIST_KEY_UISupportedInterfaceOrientations_iPad = "UIInterfaceOrientationPortrait UIInterfaceOrientationPortraitUpsideDown UIInterfaceOrientationLandscapeLeft UIInterfaceOrientationLandscapeRight";
				INFOPLIST_KEY_UISupportedInterfaceOrientations_iPhone = "UIInterfaceOrientationPortrait UIInterfaceOrientationLandscapeLeft UIInterfaceOrientationLandscapeRight";
				IPHONEOS_DEPLOYMENT_TARGET = 15.0;
				LD_RUNPATH_SEARCH_PATHS = (
					"$(inherited)",
					"@executable_path/Frameworks",
				);
				MARKETING_VERSION = 1.0;
				PRODUCT_BUNDLE_IDENTIFIER = com.webcontrol.RandomUser;
				PRODUCT_NAME = "$(TARGET_NAME)";
				SWIFT_EMIT_LOC_STRINGS = YES;
				SWIFT_VERSION = 5.0;
				TARGETED_DEVICE_FAMILY = "1,2";
			};
			name = Debug;
		};
		07DE7A012B8EAEAF0088FAC4 /* Release */ = {
			isa = XCBuildConfiguration;
			baseConfigurationReference = 2F97C6377199781610EE11E2 /* Pods-RandomUser.release.xcconfig */;
			buildSettings = {
				ASSETCATALOG_COMPILER_APPICON_NAME = AppIcon;
				ASSETCATALOG_COMPILER_GLOBAL_ACCENT_COLOR_NAME = AccentColor;
				CODE_SIGN_STYLE = Automatic;
				CURRENT_PROJECT_VERSION = 1;
				DEVELOPMENT_TEAM = 2BWXJS8CRF;
				ENABLE_USER_SCRIPT_SANDBOXING = NO;
				GENERATE_INFOPLIST_FILE = YES;
				INFOPLIST_FILE = RandomUser/Info.plist;
				INFOPLIST_KEY_UIApplicationSupportsIndirectInputEvents = YES;
				INFOPLIST_KEY_UILaunchStoryboardName = LaunchScreen;
				INFOPLIST_KEY_UISupportedInterfaceOrientations_iPad = "UIInterfaceOrientationPortrait UIInterfaceOrientationPortraitUpsideDown UIInterfaceOrientationLandscapeLeft UIInterfaceOrientationLandscapeRight";
				INFOPLIST_KEY_UISupportedInterfaceOrientations_iPhone = "UIInterfaceOrientationPortrait UIInterfaceOrientationLandscapeLeft UIInterfaceOrientationLandscapeRight";
				IPHONEOS_DEPLOYMENT_TARGET = 15.0;
				LD_RUNPATH_SEARCH_PATHS = (
					"$(inherited)",
					"@executable_path/Frameworks",
				);
				MARKETING_VERSION = 1.0;
				PRODUCT_BUNDLE_IDENTIFIER = com.webcontrol.RandomUser;
				PRODUCT_NAME = "$(TARGET_NAME)";
				SWIFT_EMIT_LOC_STRINGS = YES;
				SWIFT_VERSION = 5.0;
				TARGETED_DEVICE_FAMILY = "1,2";
			};
			name = Release;
		};
/* End XCBuildConfiguration section */

/* Begin XCConfigurationList section */
		07DE79E32B8EAEAC0088FAC4 /* Build configuration list for PBXProject "RandomUser" */ = {
			isa = XCConfigurationList;
			buildConfigurations = (
				07DE79FD2B8EAEAF0088FAC4 /* Debug */,
				07DE79FE2B8EAEAF0088FAC4 /* Release */,
			);
			defaultConfigurationIsVisible = 0;
			defaultConfigurationName = Release;
		};
		07DE79FF2B8EAEAF0088FAC4 /* Build configuration list for PBXNativeTarget "RandomUser" */ = {
			isa = XCConfigurationList;
			buildConfigurations = (
				07DE7A002B8EAEAF0088FAC4 /* Debug */,
				07DE7A012B8EAEAF0088FAC4 /* Release */,
			);
			defaultConfigurationIsVisible = 0;
			defaultConfigurationName = Release;
		};
/* End XCConfigurationList section */

/* Begin XCVersionGroup section */
		07DE79F42B8EAEAC0088FAC4 /* RandomUser.xcdatamodeld */ = {
			isa = XCVersionGroup;
			children = (
				07DE79F52B8EAEAC0088FAC4 /* RandomUser.xcdatamodel */,
			);
			currentVersion = 07DE79F52B8EAEAC0088FAC4 /* RandomUser.xcdatamodel */;
			path = RandomUser.xcdatamodeld;
			sourceTree = "<group>";
			versionGroupType = wrapper.xcdatamodel;
		};
/* End XCVersionGroup section */
	};
	rootObject = 07DE79E02B8EAEAC0088FAC4 /* Project object */;
}
